// !$*UTF8*$!
{
	archiveVersion = 1;
	classes = {
	};
	objectVersion = 46;
	objects = {

/* Begin PBXBuildFile section */
		A452B6DE1ED4B179006BC72E /* AppDelegate.swift in Sources */ = {isa = PBXBuildFile; fileRef = A452B6DD1ED4B179006BC72E /* AppDelegate.swift */; };
		A452B6E31ED4B17B006BC72E /* Main.storyboard in Resources */ = {isa = PBXBuildFile; fileRef = A452B6E11ED4B17B006BC72E /* Main.storyboard */; };
		A452B6E51ED4B17D006BC72E /* Assets.xcassets in Resources */ = {isa = PBXBuildFile; fileRef = A452B6E41ED4B17D006BC72E /* Assets.xcassets */; };
		A452B6E81ED4B180006BC72E /* LaunchScreen.storyboard in Resources */ = {isa = PBXBuildFile; fileRef = A452B6E61ED4B180006BC72E /* LaunchScreen.storyboard */; };
		A452B6F41ED4B224006BC72E /* ResultAPI.swift in Sources */ = {isa = PBXBuildFile; fileRef = A452B6F31ED4B224006BC72E /* ResultAPI.swift */; };
		A452B6F61ED4B24E006BC72E /* ResultStore.swift in Sources */ = {isa = PBXBuildFile; fileRef = A452B6F51ED4B24E006BC72E /* ResultStore.swift */; };
		A452B6F81ED4B25D006BC72E /* Result.swift in Sources */ = {isa = PBXBuildFile; fileRef = A452B6F71ED4B25D006BC72E /* Result.swift */; };
		A452B6FA1ED4B286006BC72E /* RandomUserController.swift in Sources */ = {isa = PBXBuildFile; fileRef = A452B6F91ED4B286006BC72E /* RandomUserController.swift */; };
		A452B6FC1ED4B309006BC72E /* RandomUserCell.swift in Sources */ = {isa = PBXBuildFile; fileRef = A452B6FB1ED4B309006BC72E /* RandomUserCell.swift */; };
/* End PBXBuildFile section */

/* Begin PBXFileReference section */
		A452B6DA1ED4B177006BC72E /* RandomUserGenerator.app */ = {isa = PBXFileReference; explicitFileType = wrapper.application; includeInIndex = 0; path = RandomUserGenerator.app; sourceTree = BUILT_PRODUCTS_DIR; };
		A452B6DD1ED4B179006BC72E /* AppDelegate.swift */ = {isa = PBXFileReference; lastKnownFileType = sourcecode.swift; path = AppDelegate.swift; sourceTree = "<group>"; };
		A452B6E21ED4B17B006BC72E /* Base */ = {isa = PBXFileReference; lastKnownFileType = file.storyboard; name = Base; path = Base.lproj/Main.storyboard; sourceTree = "<group>"; };
		A452B6E41ED4B17D006BC72E /* Assets.xcassets */ = {isa = PBXFileReference; lastKnownFileType = folder.assetcatalog; path = Assets.xcassets; sourceTree = "<group>"; };
		A452B6E71ED4B180006BC72E /* Base */ = {isa = PBXFileReference; lastKnownFileType = file.storyboard; name = Base; path = Base.lproj/LaunchScreen.storyboard; sourceTree = "<group>"; };
		A452B6E91ED4B182006BC72E /* Info.plist */ = {isa = PBXFileReference; lastKnownFileType = text.plist.xml; path = Info.plist; sourceTree = "<group>"; };
		A452B6F31ED4B224006BC72E /* ResultAPI.swift */ = {isa = PBXFileReference; fileEncoding = 4; lastKnownFileType = sourcecode.swift; path = ResultAPI.swift; sourceTree = "<group>"; };
		A452B6F51ED4B24E006BC72E /* ResultStore.swift */ = {isa = PBXFileReference; fileEncoding = 4; lastKnownFileType = sourcecode.swift; path = ResultStore.swift; sourceTree = "<group>"; };
		A452B6F71ED4B25D006BC72E /* Result.swift */ = {isa = PBXFileReference; fileEncoding = 4; lastKnownFileType = sourcecode.swift; path = Result.swift; sourceTree = "<group>"; };
		A452B6F91ED4B286006BC72E /* RandomUserController.swift */ = {isa = PBXFileReference; fileEncoding = 4; lastKnownFileType = sourcecode.swift; path = RandomUserController.swift; sourceTree = "<group>"; };
		A452B6FB1ED4B309006BC72E /* RandomUserCell.swift */ = {isa = PBXFileReference; fileEncoding = 4; lastKnownFileType = sourcecode.swift; path = RandomUserCell.swift; sourceTree = "<group>"; };
/* End PBXFileReference section */

/* Begin PBXFrameworksBuildPhase section */
		A452B6D71ED4B177006BC72E /* Frameworks */ = {
			isa = PBXFrameworksBuildPhase;
			buildActionMask = 2147483647;
			files = (
			);
			runOnlyForDeploymentPostprocessing = 0;
		};
/* End PBXFrameworksBuildPhase section */

/* Begin PBXGroup section */
		A452B6D11ED4B175006BC72E = {
			isa = PBXGroup;
			children = (
				A452B6DC1ED4B178006BC72E /* RandomUserGenerator */,
				A452B6DB1ED4B177006BC72E /* Products */,
			);
			sourceTree = "<group>";
		};
		A452B6DB1ED4B177006BC72E /* Products */ = {
			isa = PBXGroup;
			children = (
				A452B6DA1ED4B177006BC72E /* RandomUserGenerator.app */,
			);
			name = Products;
			sourceTree = "<group>";
		};
		A452B6DC1ED4B178006BC72E /* RandomUserGenerator */ = {
			isa = PBXGroup;
			children = (
				A452B6F31ED4B224006BC72E /* ResultAPI.swift */,
				A452B6DD1ED4B179006BC72E /* AppDelegate.swift */,
				A452B6F21ED4B1F8006BC72E /* Model */,
				A452B6F11ED4B1EE006BC72E /* Controller */,
				A452B6F01ED4B1E7006BC72E /* View */,
				A452B6E11ED4B17B006BC72E /* Main.storyboard */,
				A452B6EF1ED4B1D5006BC72E /* Supporting Files */,
			);
			path = RandomUserGenerator;
			sourceTree = "<group>";
		};
		A452B6EF1ED4B1D5006BC72E /* Supporting Files */ = {
			isa = PBXGroup;
			children = (
				A452B6E41ED4B17D006BC72E /* Assets.xcassets */,
				A452B6E61ED4B180006BC72E /* LaunchScreen.storyboard */,
				A452B6E91ED4B182006BC72E /* Info.plist */,
			);
			name = "Supporting Files";
			sourceTree = "<group>";
		};
		A452B6F01ED4B1E7006BC72E /* View */ = {
			isa = PBXGroup;
			children = (
				A452B6FB1ED4B309006BC72E /* RandomUserCell.swift */,
			);
			name = View;
			sourceTree = "<group>";
		};
		A452B6F11ED4B1EE006BC72E /* Controller */ = {
			isa = PBXGroup;
			children = (
				A452B6F91ED4B286006BC72E /* RandomUserController.swift */,
			);
			name = Controller;
			sourceTree = "<group>";
		};
		A452B6F21ED4B1F8006BC72E /* Model */ = {
			isa = PBXGroup;
			children = (
				A452B6F51ED4B24E006BC72E /* ResultStore.swift */,
				A452B6F71ED4B25D006BC72E /* Result.swift */,
			);
			name = Model;
			sourceTree = "<group>";
		};
/* End PBXGroup section */

/* Begin PBXNativeTarget section */
		A452B6D91ED4B177006BC72E /* RandomUserGenerator */ = {
			isa = PBXNativeTarget;
			buildConfigurationList = A452B6EC1ED4B182006BC72E /* Build configuration list for PBXNativeTarget "RandomUserGenerator" */;
			buildPhases = (
				A452B6D61ED4B177006BC72E /* Sources */,
				A452B6D71ED4B177006BC72E /* Frameworks */,
				A452B6D81ED4B177006BC72E /* Resources */,
			);
			buildRules = (
			);
			dependencies = (
			);
			name = RandomUserGenerator;
			productName = RandomUserGenerator;
			productReference = A452B6DA1ED4B177006BC72E /* RandomUserGenerator.app */;
			productType = "com.apple.product-type.application";
		};
/* End PBXNativeTarget section */

/* Begin PBXProject section */
		A452B6D21ED4B176006BC72E /* Project object */ = {
			isa = PBXProject;
			attributes = {
				LastSwiftUpdateCheck = 0830;
				LastUpgradeCheck = 0830;
				ORGANIZATIONNAME = "trvl, LLC";
				TargetAttributes = {
					A452B6D91ED4B177006BC72E = {
						CreatedOnToolsVersion = 8.3.2;
						DevelopmentTeam = 7QLQZLZHA6;
						ProvisioningStyle = Automatic;
					};
				};
			};
			buildConfigurationList = A452B6D51ED4B176006BC72E /* Build configuration list for PBXProject "RandomUserGenerator" */;
			compatibilityVersion = "Xcode 3.2";
			developmentRegion = English;
			hasScannedForEncodings = 0;
			knownRegions = (
				en,
				Base,
			);
			mainGroup = A452B6D11ED4B175006BC72E;
			productRefGroup = A452B6DB1ED4B177006BC72E /* Products */;
			projectDirPath = "";
			projectRoot = "";
			targets = (
				A452B6D91ED4B177006BC72E /* RandomUserGenerator */,
			);
		};
/* End PBXProject section */

/* Begin PBXResourcesBuildPhase section */
		A452B6D81ED4B177006BC72E /* Resources */ = {
			isa = PBXResourcesBuildPhase;
			buildActionMask = 2147483647;
			files = (
				A452B6E81ED4B180006BC72E /* LaunchScreen.storyboard in Resources */,
				A452B6E51ED4B17D006BC72E /* Assets.xcassets in Resources */,
				A452B6E31ED4B17B006BC72E /* Main.storyboard in Resources */,
			);
			runOnlyForDeploymentPostprocessing = 0;
		};
/* End PBXResourcesBuildPhase section */

/* Begin PBXSourcesBuildPhase section */
		A452B6D61ED4B177006BC72E /* Sources */ = {
			isa = PBXSourcesBuildPhase;
			buildActionMask = 2147483647;
			files = (
				A452B6DE1ED4B179006BC72E /* AppDelegate.swift in Sources */,
				A452B6F41ED4B224006BC72E /* ResultAPI.swift in Sources */,
				A452B6F81ED4B25D006BC72E /* Result.swift in Sources */,
				A452B6FC1ED4B309006BC72E /* RandomUserCell.swift in Sources */,
				A452B6FA1ED4B286006BC72E /* RandomUserController.swift in Sources */,
				A452B6F61ED4B24E006BC72E /* ResultStore.swift in Sources */,
			);
			runOnlyForDeploymentPostprocessing = 0;
		};
/* End PBXSourcesBuildPhase section */

/* Begin PBXVariantGroup section */
		A452B6E11ED4B17B006BC72E /* Main.storyboard */ = {
			isa = PBXVariantGroup;
			children = (
				A452B6E21ED4B17B006BC72E /* Base */,
			);
			name = Main.storyboard;
			sourceTree = "<group>";
		};
		A452B6E61ED4B180006BC72E /* LaunchScreen.storyboard */ = {
			isa = PBXVariantGroup;
			children = (
				A452B6E71ED4B180006BC72E /* Base */,
			);
			name = LaunchScreen.storyboard;
			sourceTree = "<group>";
		};
/* End PBXVariantGroup section */

/* Begin XCBuildConfiguration section */
		A452B6EA1ED4B182006BC72E /* Debug */ = {
			isa = XCBuildConfiguration;
			buildSettings = {
				ALWAYS_SEARCH_USER_PATHS = NO;
				CLANG_ANALYZER_NONNULL = YES;
				CLANG_ANALYZER_NUMBER_OBJECT_CONVERSION = YES_AGGRESSIVE;
				CLANG_CXX_LANGUAGE_STANDARD = "gnu++0x";
				CLANG_CXX_LIBRARY = "libc++";
				CLANG_ENABLE_MODULES = YES;
				CLANG_ENABLE_OBJC_ARC = YES;
				CLANG_WARN_BOOL_CONVERSION = YES;
				CLANG_WARN_CONSTANT_CONVERSION = YES;
				CLANG_WARN_DIRECT_OBJC_ISA_USAGE = YES_ERROR;
				CLANG_WARN_DOCUMENTATION_COMMENTS = YES;
				CLANG_WARN_EMPTY_BODY = YES;
				CLANG_WARN_ENUM_CONVERSION = YES;
				CLANG_WARN_INFINITE_RECURSION = YES;
				CLANG_WARN_INT_CONVERSION = YES;
				CLANG_WARN_OBJC_ROOT_CLASS = YES_ERROR;
				CLANG_WARN_SUSPICIOUS_MOVE = YES;
				CLANG_WARN_UNREACHABLE_CODE = YES;
				CLANG_WARN__DUPLICATE_METHOD_MATCH = YES;
				"CODE_SIGN_IDENTITY[sdk=iphoneos*]" = "iPhone Developer";
				COPY_PHASE_STRIP = NO;
				DEBUG_INFORMATION_FORMAT = dwarf;
				ENABLE_STRICT_OBJC_MSGSEND = YES;
				ENABLE_TESTABILITY = YES;
				GCC_C_LANGUAGE_STANDARD = gnu99;
				GCC_DYNAMIC_NO_PIC = NO;
				GCC_NO_COMMON_BLOCKS = YES;
				GCC_OPTIMIZATION_LEVEL = 0;
				GCC_PREPROCESSOR_DEFINITIONS = (
					"DEBUG=1",
					"$(inherited)",
				);
				GCC_WARN_64_TO_32_BIT_CONVERSION = YES;
				GCC_WARN_ABOUT_RETURN_TYPE = YES_ERROR;
				GCC_WARN_UNDECLARED_SELECTOR = YES;
				GCC_WARN_UNINITIALIZED_AUTOS = YES_AGGRESSIVE;
				GCC_WARN_UNUSED_FUNCTION = YES;
				GCC_WARN_UNUSED_VARIABLE = YES;
				IPHONEOS_DEPLOYMENT_TARGET = 10.3;
				MTL_ENABLE_DEBUG_INFO = YES;
				ONLY_ACTIVE_ARCH = YES;
				SDKROOT = iphoneos;
				SWIFT_ACTIVE_COMPILATION_CONDITIONS = DEBUG;
				SWIFT_OPTIMIZATION_LEVEL = "-Onone";
			};
			name = Debug;
		};
		A452B6EB1ED4B182006BC72E /* Release */ = {
			isa = XCBuildConfiguration;
			buildSettings = {
				ALWAYS_SEARCH_USER_PATHS = NO;
				CLANG_ANALYZER_NONNULL = YES;
				CLANG_ANALYZER_NUMBER_OBJECT_CONVERSION = YES_AGGRESSIVE;
				CLANG_CXX_LANGUAGE_STANDARD = "gnu++0x";
				CLANG_CXX_LIBRARY = "libc++";
				CLANG_ENABLE_MODULES = YES;
				CLANG_ENABLE_OBJC_ARC = YES;
				CLANG_WARN_BOOL_CONVERSION = YES;
				CLANG_WARN_CONSTANT_CONVERSION = YES;
				CLANG_WARN_DIRECT_OBJC_ISA_USAGE = YES_ERROR;
				CLANG_WARN_DOCUMENTATION_COMMENTS = YES;
				CLANG_WARN_EMPTY_BODY = YES;
				CLANG_WARN_ENUM_CONVERSION = YES;
				CLANG_WARN_INFINITE_RECURSION = YES;
				CLANG_WARN_INT_CONVERSION = YES;
				CLANG_WARN_OBJC_ROOT_CLASS = YES_ERROR;
				CLANG_WARN_SUSPICIOUS_MOVE = YES;
				CLANG_WARN_UNREACHABLE_CODE = YES;
				CLANG_WARN__DUPLICATE_METHOD_MATCH = YES;
				"CODE_SIGN_IDENTITY[sdk=iphoneos*]" = "iPhone Developer";
				COPY_PHASE_STRIP = NO;
				DEBUG_INFORMATION_FORMAT = "dwarf-with-dsym";
				ENABLE_NS_ASSERTIONS = NO;
				ENABLE_STRICT_OBJC_MSGSEND = YES;
				GCC_C_LANGUAGE_STANDARD = gnu99;
				GCC_NO_COMMON_BLOCKS = YES;
				GCC_WARN_64_TO_32_BIT_CONVERSION = YES;
				GCC_WARN_ABOUT_RETURN_TYPE = YES_ERROR;
				GCC_WARN_UNDECLARED_SELECTOR = YES;
				GCC_WARN_UNINITIALIZED_AUTOS = YES_AGGRESSIVE;
				GCC_WARN_UNUSED_FUNCTION = YES;
				GCC_WARN_UNUSED_VARIABLE = YES;
				IPHONEOS_DEPLOYMENT_TARGET = 10.3;
				MTL_ENABLE_DEBUG_INFO = NO;
				SDKROOT = iphoneos;
				SWIFT_OPTIMIZATION_LEVEL = "-Owholemodule";
				VALIDATE_PRODUCT = YES;
			};
			name = Release;
		};
		A452B6ED1ED4B182006BC72E /* Debug */ = {
			isa = XCBuildConfiguration;
			buildSettings = {
				ASSETCATALOG_COMPILER_APPICON_NAME = AppIcon;
				DEVELOPMENT_TEAM = 7QLQZLZHA6;
				INFOPLIST_FILE = RandomUserGenerator/Info.plist;
				LD_RUNPATH_SEARCH_PATHS = "$(inherited) @executable_path/Frameworks";
				PRODUCT_BUNDLE_IDENTIFIER = com.jsanchezrides.RandomUserGenerator;
				PRODUCT_NAME = "$(TARGET_NAME)";
				SWIFT_VERSION = 3.0;
			};
			name = Debug;
		};
		A452B6EE1ED4B182006BC72E /* Release */ = {
			isa = XCBuildConfiguration;
			buildSettings = {
				ASSETCATALOG_COMPILER_APPICON_NAME = AppIcon;
				DEVELOPMENT_TEAM = 7QLQZLZHA6;
				INFOPLIST_FILE = RandomUserGenerator/Info.plist;
				LD_RUNPATH_SEARCH_PATHS = "$(inherited) @executable_path/Frameworks";
				PRODUCT_BUNDLE_IDENTIFIER = com.jsanchezrides.RandomUserGenerator;
				PRODUCT_NAME = "$(TARGET_NAME)";
				SWIFT_VERSION = 3.0;
			};
			name = Release;
		};
/* End XCBuildConfiguration section */

/* Begin XCConfigurationList section */
		A452B6D51ED4B176006BC72E /* Build configuration list for PBXProject "RandomUserGenerator" */ = {
			isa = XCConfigurationList;
			buildConfigurations = (
				A452B6EA1ED4B182006BC72E /* Debug */,
				A452B6EB1ED4B182006BC72E /* Release */,
			);
			defaultConfigurationIsVisible = 0;
			defaultConfigurationName = Release;
		};
		A452B6EC1ED4B182006BC72E /* Build configuration list for PBXNativeTarget "RandomUserGenerator" */ = {
			isa = XCConfigurationList;
			buildConfigurations = (
				A452B6ED1ED4B182006BC72E /* Debug */,
				A452B6EE1ED4B182006BC72E /* Release */,
			);
			defaultConfigurationIsVisible = 0;
		};
/* End XCConfigurationList section */
	};
	rootObject = A452B6D21ED4B176006BC72E /* Project object */;
}
